
Microsoft Visual Studio Solution File, Format Version 12.00
# Visual Studio 15
VisualStudioVersion = 15.0.27130.2036
MinimumVisualStudioVersion = 10.0.40219.1
Project("{FAE04EC0-301F-11D3-BF4B-00C04F79EFBC}") = "Anagrams", "Anagrams\Anagrams.csproj", "{D6B36179-2CE3-4DA0-A4B2-E0C81154B9FB}"
EndProject
Global
	GlobalSection(SolutionConfigurationPlatforms) = preSolution
		Debug|Any CPU = Debug|Any CPU
		Release|Any CPU = Release|Any CPU
	EndGlobalSection
	GlobalSection(ProjectConfigurationPlatforms) = postSolution
		{D6B36179-2CE3-4DA0-A4B2-E0C81154B9FB}.Debug|Any CPU.ActiveCfg = Debug|Any CPU
		{D6B36179-2CE3-4DA0-A4B2-E0C81154B9FB}.Debug|Any CPU.Build.0 = Debug|Any CPU
		{D6B36179-2CE3-4DA0-A4B2-E0C81154B9FB}.Release|Any CPU.ActiveCfg = Release|Any CPU
		{D6B36179-2CE3-4DA0-A4B2-E0C81154B9FB}.Release|Any CPU.Build.0 = Release|Any CPU
	EndGlobalSection
	GlobalSection(SolutionProperties) = preSolution
		HideSolutionNode = FALSE
	EndGlobalSection
	GlobalSection(ExtensibilityGlobals) = postSolution
		SolutionGuid = {452A60F6-F1F9-4284-B77F-89E47E91D69D}
	EndGlobalSection
EndGlobal
